// !$*UTF8*$!
{
	archiveVersion = 1;
	classes = {
	};
	objectVersion = 46;
	objects = {

/* Begin PBXBuildFile section */
		ACE884EA1EDD036500AD6F71 /* main.m in Sources */ = {isa = PBXBuildFile; fileRef = ACE884E91EDD036500AD6F71 /* main.m */; };
		ACE884ED1EDD036500AD6F71 /* AppDelegate.m in Sources */ = {isa = PBXBuildFile; fileRef = ACE884EC1EDD036500AD6F71 /* AppDelegate.m */; };
		ACE884F01EDD036500AD6F71 /* ViewController.m in Sources */ = {isa = PBXBuildFile; fileRef = ACE884EF1EDD036500AD6F71 /* ViewController.m */; };
		ACE884F31EDD036500AD6F71 /* Main.storyboard in Resources */ = {isa = PBXBuildFile; fileRef = ACE884F11EDD036500AD6F71 /* Main.storyboard */; };
		ACE884F51EDD036500AD6F71 /* Assets.xcassets in Resources */ = {isa = PBXBuildFile; fileRef = ACE884F41EDD036500AD6F71 /* Assets.xcassets */; };
		ACE884F81EDD036500AD6F71 /* LaunchScreen.storyboard in Resources */ = {isa = PBXBuildFile; fileRef = ACE884F61EDD036500AD6F71 /* LaunchScreen.storyboard */; };
		ACE885011EDD039200AD6F71 /* JJBezierWaveView.m in Sources */ = {isa = PBXBuildFile; fileRef = ACE885001EDD039200AD6F71 /* JJBezierWaveView.m */; };
/* End PBXBuildFile section */

/* Begin PBXFileReference section */
		ACE884E51EDD036500AD6F71 /* 波浪导航demo.app */ = {isa = PBXFileReference; explicitFileType = wrapper.application; includeInIndex = 0; path = "波浪导航demo.app"; sourceTree = BUILT_PRODUCTS_DIR; };
		ACE884E91EDD036500AD6F71 /* main.m */ = {isa = PBXFileReference; lastKnownFileType = sourcecode.c.objc; path = main.m; sourceTree = "<group>"; };
		ACE884EB1EDD036500AD6F71 /* AppDelegate.h */ = {isa = PBXFileReference; lastKnownFileType = sourcecode.c.h; path = AppDelegate.h; sourceTree = "<group>"; };
		ACE884EC1EDD036500AD6F71 /* AppDelegate.m */ = {isa = PBXFileReference; lastKnownFileType = sourcecode.c.objc; path = AppDelegate.m; sourceTree = "<group>"; };
		ACE884EE1EDD036500AD6F71 /* ViewController.h */ = {isa = PBXFileReference; lastKnownFileType = sourcecode.c.h; path = ViewController.h; sourceTree = "<group>"; };
		ACE884EF1EDD036500AD6F71 /* ViewController.m */ = {isa = PBXFileReference; lastKnownFileType = sourcecode.c.objc; path = ViewController.m; sourceTree = "<group>"; };
		ACE884F21EDD036500AD6F71 /* Base */ = {isa = PBXFileReference; lastKnownFileType = file.storyboard; name = Base; path = Base.lproj/Main.storyboard; sourceTree = "<group>"; };
		ACE884F41EDD036500AD6F71 /* Assets.xcassets */ = {isa = PBXFileReference; lastKnownFileType = folder.assetcatalog; path = Assets.xcassets; sourceTree = "<group>"; };
		ACE884F71EDD036500AD6F71 /* Base */ = {isa = PBXFileReference; lastKnownFileType = file.storyboard; name = Base; path = Base.lproj/LaunchScreen.storyboard; sourceTree = "<group>"; };
		ACE884F91EDD036600AD6F71 /* Info.plist */ = {isa = PBXFileReference; lastKnownFileType = text.plist.xml; path = Info.plist; sourceTree = "<group>"; };
		ACE884FF1EDD039200AD6F71 /* JJBezierWaveView.h */ = {isa = PBXFileReference; fileEncoding = 4; lastKnownFileType = sourcecode.c.h; path = JJBezierWaveView.h; sourceTree = "<group>"; };
		ACE885001EDD039200AD6F71 /* JJBezierWaveView.m */ = {isa = PBXFileReference; fileEncoding = 4; lastKnownFileType = sourcecode.c.objc; path = JJBezierWaveView.m; sourceTree = "<group>"; };
/* End PBXFileReference section */

/* Begin PBXFrameworksBuildPhase section */
		ACE884E21EDD036500AD6F71 /* Frameworks */ = {
			isa = PBXFrameworksBuildPhase;
			buildActionMask = 2147483647;
			files = (
			);
			runOnlyForDeploymentPostprocessing = 0;
		};
/* End PBXFrameworksBuildPhase section */

/* Begin PBXGroup section */
		ACE884DC1EDD036500AD6F71 = {
			isa = PBXGroup;
			children = (
				ACE884E71EDD036500AD6F71 /* 波浪导航demo */,
				ACE884E61EDD036500AD6F71 /* Products */,
			);
			sourceTree = "<group>";
		};
		ACE884E61EDD036500AD6F71 /* Products */ = {
			isa = PBXGroup;
			children = (
				ACE884E51EDD036500AD6F71 /* 波浪导航demo.app */,
			);
			name = Products;
			sourceTree = "<group>";
		};
		ACE884E71EDD036500AD6F71 /* 波浪导航demo */ = {
			isa = PBXGroup;
			children = (
				ACE884EB1EDD036500AD6F71 /* AppDelegate.h */,
				ACE884EC1EDD036500AD6F71 /* AppDelegate.m */,
				ACE884EE1EDD036500AD6F71 /* ViewController.h */,
				ACE884EF1EDD036500AD6F71 /* ViewController.m */,
				ACE884FF1EDD039200AD6F71 /* JJBezierWaveView.h */,
				ACE885001EDD039200AD6F71 /* JJBezierWaveView.m */,
				ACE884F11EDD036500AD6F71 /* Main.storyboard */,
				ACE884F41EDD036500AD6F71 /* Assets.xcassets */,
				ACE884F61EDD036500AD6F71 /* LaunchScreen.storyboard */,
				ACE884F91EDD036600AD6F71 /* Info.plist */,
				ACE884E81EDD036500AD6F71 /* Supporting Files */,
			);
			path = "波浪导航demo";
			sourceTree = "<group>";
		};
		ACE884E81EDD036500AD6F71 /* Supporting Files */ = {
			isa = PBXGroup;
			children = (
				ACE884E91EDD036500AD6F71 /* main.m */,
			);
			name = "Supporting Files";
			sourceTree = "<group>";
		};
/* End PBXGroup section */

/* Begin PBXNativeTarget section */
		ACE884E41EDD036500AD6F71 /* 波浪导航demo */ = {
			isa = PBXNativeTarget;
			buildConfigurationList = ACE884FC1EDD036600AD6F71 /* Build configuration list for PBXNativeTarget "波浪导航demo" */;
			buildPhases = (
				ACE884E11EDD036500AD6F71 /* Sources */,
				ACE884E21EDD036500AD6F71 /* Frameworks */,
				ACE884E31EDD036500AD6F71 /* Resources */,
			);
			buildRules = (
			);
			dependencies = (
			);
			name = "波浪导航demo";
			productName = "波浪导航demo";
			productReference = ACE884E51EDD036500AD6F71 /* 波浪导航demo.app */;
			productType = "com.apple.product-type.application";
		};
/* End PBXNativeTarget section */

/* Begin PBXProject section */
		ACE884DD1EDD036500AD6F71 /* Project object */ = {
			isa = PBXProject;
			attributes = {
				LastUpgradeCheck = 0830;
				ORGANIZATIONNAME = vpjacob;
				TargetAttributes = {
					ACE884E41EDD036500AD6F71 = {
						CreatedOnToolsVersion = 8.3.2;
						DevelopmentTeam = 9UDZ2DU44G;
						ProvisioningStyle = Automatic;
					};
				};
			};
			buildConfigurationList = ACE884E01EDD036500AD6F71 /* Build configuration list for PBXProject "波浪导航demo" */;
			compatibilityVersion = "Xcode 3.2";
			developmentRegion = English;
			hasScannedForEncodings = 0;
			knownRegions = (
				en,
				Base,
			);
			mainGroup = ACE884DC1EDD036500AD6F71;
			productRefGroup = ACE884E61EDD036500AD6F71 /* Products */;
			projectDirPath = "";
			projectRoot = "";
			targets = (
				ACE884E41EDD036500AD6F71 /* 波浪导航demo */,
			);
		};
/* End PBXProject section */

/* Begin PBXResourcesBuildPhase section */
		ACE884E31EDD036500AD6F71 /* Resources */ = {
			isa = PBXResourcesBuildPhase;
			buildActionMask = 2147483647;
			files = (
				ACE884F81EDD036500AD6F71 /* LaunchScreen.storyboard in Resources */,
				ACE884F51EDD036500AD6F71 /* Assets.xcassets in Resources */,
				ACE884F31EDD036500AD6F71 /* Main.storyboard in Resources */,
			);
			runOnlyForDeploymentPostprocessing = 0;
		};
/* End PBXResourcesBuildPhase section */

/* Begin PBXSourcesBuildPhase section */
		ACE884E11EDD036500AD6F71 /* Sources */ = {
			isa = PBXSourcesBuildPhase;
			buildActionMask = 2147483647;
			files = (
				ACE885011EDD039200AD6F71 /* JJBezierWaveView.m in Sources */,
				ACE884F01EDD036500AD6F71 /* ViewController.m in Sources */,
				ACE884ED1EDD036500AD6F71 /* AppDelegate.m in Sources */,
				ACE884EA1EDD036500AD6F71 /* main.m in Sources */,
			);
			runOnlyForDeploymentPostprocessing = 0;
		};
/* End PBXSourcesBuildPhase section */

/* Begin PBXVariantGroup section */
		ACE884F11EDD036500AD6F71 /* Main.storyboard */ = {
			isa = PBXVariantGroup;
			children = (
				ACE884F21EDD036500AD6F71 /* Base */,
			);
			name = Main.storyboard;
			sourceTree = "<group>";
		};
		ACE884F61EDD036500AD6F71 /* LaunchScreen.storyboard */ = {
			isa = PBXVariantGroup;
			children = (
				ACE884F71EDD036500AD6F71 /* Base */,
			);
			name = LaunchScreen.storyboard;
			sourceTree = "<group>";
		};
/* End PBXVariantGroup section */

/* Begin XCBuildConfiguration section */
		ACE884FA1EDD036600AD6F71 /* Debug */ = {
			isa = XCBuildConfiguration;
			buildSettings = {
				ALWAYS_SEARCH_USER_PATHS = NO;
				CLANG_ANALYZER_NONNULL = YES;
				CLANG_ANALYZER_NUMBER_OBJECT_CONVERSION = YES_AGGRESSIVE;
				CLANG_CXX_LANGUAGE_STANDARD = "gnu++0x";
				CLANG_CXX_LIBRARY = "libc++";
				CLANG_ENABLE_MODULES = YES;
				CLANG_ENABLE_OBJC_ARC = YES;
				CLANG_WARN_BOOL_CONVERSION = YES;
				CLANG_WARN_CONSTANT_CONVERSION = YES;
				CLANG_WARN_DIRECT_OBJC_ISA_USAGE = YES_ERROR;
				CLANG_WARN_DOCUMENTATION_COMMENTS = YES;
				CLANG_WARN_EMPTY_BODY = YES;
				CLANG_WARN_ENUM_CONVERSION = YES;
				CLANG_WARN_INFINITE_RECURSION = YES;
				CLANG_WARN_INT_CONVERSION = YES;
				CLANG_WARN_OBJC_ROOT_CLASS = YES_ERROR;
				CLANG_WARN_SUSPICIOUS_MOVE = YES;
				CLANG_WARN_UNREACHABLE_CODE = YES;
				CLANG_WARN__DUPLICATE_METHOD_MATCH = YES;
				"CODE_SIGN_IDENTITY[sdk=iphoneos*]" = "iPhone Developer";
				COPY_PHASE_STRIP = NO;
				DEBUG_INFORMATION_FORMAT = dwarf;
				ENABLE_STRICT_OBJC_MSGSEND = YES;
				ENABLE_TESTABILITY = YES;
				GCC_C_LANGUAGE_STANDARD = gnu99;
				GCC_DYNAMIC_NO_PIC = NO;
				GCC_NO_COMMON_BLOCKS = YES;
				GCC_OPTIMIZATION_LEVEL = 0;
				GCC_PREPROCESSOR_DEFINITIONS = (
					"DEBUG=1",
					"$(inherited)",
				);
				GCC_WARN_64_TO_32_BIT_CONVERSION = YES;
				GCC_WARN_ABOUT_RETURN_TYPE = YES_ERROR;
				GCC_WARN_UNDECLARED_SELECTOR = YES;
				GCC_WARN_UNINITIALIZED_AUTOS = YES_AGGRESSIVE;
				GCC_WARN_UNUSED_FUNCTION = YES;
				GCC_WARN_UNUSED_VARIABLE = YES;
				IPHONEOS_DEPLOYMENT_TARGET = 10.3;
				MTL_ENABLE_DEBUG_INFO = YES;
				ONLY_ACTIVE_ARCH = YES;
				SDKROOT = iphoneos;
				TARGETED_DEVICE_FAMILY = "1,2";
			};
			name = Debug;
		};
		ACE884FB1EDD036600AD6F71 /* Release */ = {
			isa = XCBuildConfiguration;
			buildSettings = {
				ALWAYS_SEARCH_USER_PATHS = NO;
				CLANG_ANALYZER_NONNULL = YES;
				CLANG_ANALYZER_NUMBER_OBJECT_CONVERSION = YES_AGGRESSIVE;
				CLANG_CXX_LANGUAGE_STANDARD = "gnu++0x";
				CLANG_CXX_LIBRARY = "libc++";
				CLANG_ENABLE_MODULES = YES;
				CLANG_ENABLE_OBJC_ARC = YES;
				CLANG_WARN_BOOL_CONVERSION = YES;
				CLANG_WARN_CONSTANT_CONVERSION = YES;
				CLANG_WARN_DIRECT_OBJC_ISA_USAGE = YES_ERROR;
				CLANG_WARN_DOCUMENTATION_COMMENTS = YES;
				CLANG_WARN_EMPTY_BODY = YES;
				CLANG_WARN_ENUM_CONVERSION = YES;
				CLANG_WARN_INFINITE_RECURSION = YES;
				CLANG_WARN_INT_CONVERSION = YES;
				CLANG_WARN_OBJC_ROOT_CLASS = YES_ERROR;
				CLANG_WARN_SUSPICIOUS_MOVE = YES;
				CLANG_WARN_UNREACHABLE_CODE = YES;
				CLANG_WARN__DUPLICATE_METHOD_MATCH = YES;
				"CODE_SIGN_IDENTITY[sdk=iphoneos*]" = "iPhone Developer";
				COPY_PHASE_STRIP = NO;
				DEBUG_INFORMATION_FORMAT = "dwarf-with-dsym";
				ENABLE_NS_ASSERTIONS = NO;
				ENABLE_STRICT_OBJC_MSGSEND = YES;
				GCC_C_LANGUAGE_STANDARD = gnu99;
				GCC_NO_COMMON_BLOCKS = YES;
				GCC_WARN_64_TO_32_BIT_CONVERSION = YES;
				GCC_WARN_ABOUT_RETURN_TYPE = YES_ERROR;
				GCC_WARN_UNDECLARED_SELECTOR = YES;
				GCC_WARN_UNINITIALIZED_AUTOS = YES_AGGRESSIVE;
				GCC_WARN_UNUSED_FUNCTION = YES;
				GCC_WARN_UNUSED_VARIABLE = YES;
				IPHONEOS_DEPLOYMENT_TARGET = 10.3;
				MTL_ENABLE_DEBUG_INFO = NO;
				SDKROOT = iphoneos;
				TARGETED_DEVICE_FAMILY = "1,2";
				VALIDATE_PRODUCT = YES;
			};
			name = Release;
		};
		ACE884FD1EDD036600AD6F71 /* Debug */ = {
			isa = XCBuildConfiguration;
			buildSettings = {
				ASSETCATALOG_COMPILER_APPICON_NAME = AppIcon;
				DEVELOPMENT_TEAM = 9UDZ2DU44G;
				INFOPLIST_FILE = "波浪导航demo/Info.plist";
				LD_RUNPATH_SEARCH_PATHS = "$(inherited) @executable_path/Frameworks";
				PRODUCT_BUNDLE_IDENTIFIER = "com.youme.www.----demo";
				PRODUCT_NAME = "$(TARGET_NAME)";
			};
			name = Debug;
		};
		ACE884FE1EDD036600AD6F71 /* Release */ = {
			isa = XCBuildConfiguration;
			buildSettings = {
				ASSETCATALOG_COMPILER_APPICON_NAME = AppIcon;
				DEVELOPMENT_TEAM = 9UDZ2DU44G;
				INFOPLIST_FILE = "波浪导航demo/Info.plist";
				LD_RUNPATH_SEARCH_PATHS = "$(inherited) @executable_path/Frameworks";
				PRODUCT_BUNDLE_IDENTIFIER = "com.youme.www.----demo";
				PRODUCT_NAME = "$(TARGET_NAME)";
			};
			name = Release;
		};
/* End XCBuildConfiguration section */

/* Begin XCConfigurationList section */
		ACE884E01EDD036500AD6F71 /* Build configuration list for PBXProject "波浪导航demo" */ = {
			isa = XCConfigurationList;
			buildConfigurations = (
				ACE884FA1EDD036600AD6F71 /* Debug */,
				ACE884FB1EDD036600AD6F71 /* Release */,
			);
			defaultConfigurationIsVisible = 0;
			defaultConfigurationName = Release;
		};
		ACE884FC1EDD036600AD6F71 /* Build configuration list for PBXNativeTarget "波浪导航demo" */ = {
			isa = XCConfigurationList;
			buildConfigurations = (
				ACE884FD1EDD036600AD6F71 /* Debug */,
				ACE884FE1EDD036600AD6F71 /* Release */,
			);
			defaultConfigurationIsVisible = 0;
		};
/* End XCConfigurationList section */
	};
	rootObject = ACE884DD1EDD036500AD6F71 /* Project object */;
}
